# This file is autogenerated, do not edit; changes may be undone by the next 'dep ensure'.


[[projects]]
  name = "cloud.google.com/go"
  packages = ["compute/metadata"]
  revision = "050b16d2314d5fc3d4c9a51e4cd5c7468e77f162"
  version = "v0.17.0"

[[projects]]
  branch = "master"
  name = "github.com/golang/protobuf"
  packages = ["proto"]
  revision = "1e59b77b52bf8e4b449a57e6f79f21226d571845"

[[projects]]
  name = "github.com/pkg/errors"
  packages = ["."]
  revision = "645ef00459ed84a119197bfb8d8205042c6df63d"
  version = "v0.8.0"

[[projects]]
  branch = "master"
  name = "golang.org/x/net"
  packages = ["context","context/ctxhttp"]
  revision = "ab555f366c4508dbe0802550b1b20c46c5c18aa0"

[[projects]]
  branch = "master"
  name = "golang.org/x/oauth2"
  packages = [".","google","internal","jws","jwt"]
  revision = "30785a2c434e431ef7c507b54617d6a951d5f2b4"

[[projects]]
  branch = "master"
  name = "google.golang.org/api"
  packages = ["cloudkms/v1","gensupport","googleapi","googleapi/internal/uritemplates"]
  revision = "d2c53ea20b719a26e291430d99eaaf6c9a8eb68c"

[[projects]]
  name = "google.golang.org/appengine"
  packages = [".","internal","internal/app_identity","internal/base","internal/datastore","internal/log","internal/modules","internal/remote_api","internal/urlfetch","urlfetch"]
  revision = "150dc57a1b433e64154302bdc40b6bb8aefa313a"
  version = "v1.0.0"

[solve-meta]
  analyzer-name = "dep"
  analyzer-version = 1
  inputs-digest = "b4620b8f3b7bd3a3595a2fc97890c4801c5b0eb15a9d2139457d8bdd07e7a977"
  solver-name = "gps-cdcl"
  solver-version = 1
